
Microsoft Visual Studio Solution File, Format Version 12.00
# Visual Studio 15
VisualStudioVersion = 15.0.27004.2005
MinimumVisualStudioVersion = 10.0.40219.1
Project("{9A19103F-16F7-4668-BE54-9A1E7A4F7556}") = "Octopus.Shared", "Octopus.Shared\Octopus.Shared.csproj", "{14B62699-BBD8-4B6A-9633-DAB3D790D400}"
EndProject
Project("{9A19103F-16F7-4668-BE54-9A1E7A4F7556}") = "Octopus.Shared.Tests", "Octopus.Shared.Tests\Octopus.Shared.Tests.csproj", "{E9F81754-D491-4B29-968A-7BFFBC02DE62}"
EndProject
Global
	GlobalSection(SolutionConfigurationPlatforms) = preSolution
		Debug|Any CPU = Debug|Any CPU
		Release|Any CPU = Release|Any CPU
	EndGlobalSection
	GlobalSection(ProjectConfigurationPlatforms) = postSolution
		{14B62699-BBD8-4B6A-9633-DAB3D790D400}.Debug|Any CPU.ActiveCfg = Debug|Any CPU
		{14B62699-BBD8-4B6A-9633-DAB3D790D400}.Debug|Any CPU.Build.0 = Debug|Any CPU
		{14B62699-BBD8-4B6A-9633-DAB3D790D400}.Release|Any CPU.ActiveCfg = Release|Any CPU
		{14B62699-BBD8-4B6A-9633-DAB3D790D400}.Release|Any CPU.Build.0 = Release|Any CPU
		{E9F81754-D491-4B29-968A-7BFFBC02DE62}.Debug|Any CPU.ActiveCfg = Debug|Any CPU
		{E9F81754-D491-4B29-968A-7BFFBC02DE62}.Debug|Any CPU.Build.0 = Debug|Any CPU
		{E9F81754-D491-4B29-968A-7BFFBC02DE62}.Release|Any CPU.ActiveCfg = Release|Any CPU
		{E9F81754-D491-4B29-968A-7BFFBC02DE62}.Release|Any CPU.Build.0 = Release|Any CPU
	EndGlobalSection
	GlobalSection(SolutionProperties) = preSolution
		HideSolutionNode = FALSE
	EndGlobalSection
	GlobalSection(ExtensibilityGlobals) = postSolution
		SolutionGuid = {E4B45C2C-E2B2-4E2F-BA76-CB37179609FD}
	EndGlobalSection
EndGlobal
