
Microsoft Visual Studio Solution File, Format Version 12.00
Project("{FAE04EC0-301F-11D3-BF4B-00C04F79EFBC}") = "Octopus.Tentacle", "Octopus.Tentacle\Octopus.Tentacle.csproj", "{B0B059FE-55E0-4D1A-A61D-AD998C887C9F}"
EndProject
Project("{FAE04EC0-301F-11D3-BF4B-00C04F79EFBC}") = "Octopus.Tentacle.Tests", "Octopus.Tentacle.Tests\Octopus.Tentacle.Tests.csproj", "{6C2142D0-4FBC-4530-BB10-72031BA88634}"
EndProject
Global
	GlobalSection(SolutionConfigurationPlatforms) = preSolution
		Debug|Any CPU = Debug|Any CPU
		Release|Any CPU = Release|Any CPU
	EndGlobalSection
	GlobalSection(ProjectConfigurationPlatforms) = postSolution
		{B0B059FE-55E0-4D1A-A61D-AD998C887C9F}.Debug|Any CPU.ActiveCfg = Debug|Any CPU
		{B0B059FE-55E0-4D1A-A61D-AD998C887C9F}.Debug|Any CPU.Build.0 = Debug|Any CPU
		{B0B059FE-55E0-4D1A-A61D-AD998C887C9F}.Release|Any CPU.ActiveCfg = Release|Any CPU
		{B0B059FE-55E0-4D1A-A61D-AD998C887C9F}.Release|Any CPU.Build.0 = Release|Any CPU
		{6C2142D0-4FBC-4530-BB10-72031BA88634}.Debug|Any CPU.ActiveCfg = Debug|Any CPU
		{6C2142D0-4FBC-4530-BB10-72031BA88634}.Debug|Any CPU.Build.0 = Debug|Any CPU
		{6C2142D0-4FBC-4530-BB10-72031BA88634}.Release|Any CPU.ActiveCfg = Release|Any CPU
		{6C2142D0-4FBC-4530-BB10-72031BA88634}.Release|Any CPU.Build.0 = Release|Any CPU
	EndGlobalSection
EndGlobal
